
Microsoft Visual Studio Solution File, Format Version 12.00
# Visual Studio Version 17
VisualStudioVersion = 17.8.34330.188
MinimumVisualStudioVersion = 10.0.40219.1
Project("{9A19103F-16F7-4668-BE54-9A1E7A4F7556}") = "WebAppConcesionaria", "WebAppConcesionaria\WebAppConcesionaria.csproj", "{20E2CE5B-C635-49FC-9393-107829284F7B}"
EndProject
Project("{9A19103F-16F7-4668-BE54-9A1E7A4F7556}") = "Domain", "Domain\Domain.csproj", "{35822DAB-E3E1-4CDF-9E88-83275EE30B42}"
EndProject
Project("{9A19103F-16F7-4668-BE54-9A1E7A4F7556}") = "Infraestructure", "Infraestructure\Infraestructure.csproj", "{57D4DECB-5D3D-46F3-87ED-673F170B8BAB}"
EndProject
Project("{9A19103F-16F7-4668-BE54-9A1E7A4F7556}") = "Service", "Service\Service.csproj", "{624CA17E-E3A3-49BD-B71A-1616B2C7C5E2}"
EndProject
Project("{FAE04EC0-301F-11D3-BF4B-00C04F79EFBC}") = "InfraestructureTests", "InfraestructureTests\InfraestructureTests.csproj", "{52BF2B91-A396-4880-AC3F-047EBF4E5B2A}"
EndProject
Global
	GlobalSection(SolutionConfigurationPlatforms) = preSolution
		Debug|Any CPU = Debug|Any CPU
		Release|Any CPU = Release|Any CPU
	EndGlobalSection
	GlobalSection(ProjectConfigurationPlatforms) = postSolution
		{20E2CE5B-C635-49FC-9393-107829284F7B}.Debug|Any CPU.ActiveCfg = Debug|Any CPU
		{20E2CE5B-C635-49FC-9393-107829284F7B}.Debug|Any CPU.Build.0 = Debug|Any CPU
		{20E2CE5B-C635-49FC-9393-107829284F7B}.Release|Any CPU.ActiveCfg = Release|Any CPU
		{20E2CE5B-C635-49FC-9393-107829284F7B}.Release|Any CPU.Build.0 = Release|Any CPU
		{35822DAB-E3E1-4CDF-9E88-83275EE30B42}.Debug|Any CPU.ActiveCfg = Debug|Any CPU
		{35822DAB-E3E1-4CDF-9E88-83275EE30B42}.Debug|Any CPU.Build.0 = Debug|Any CPU
		{35822DAB-E3E1-4CDF-9E88-83275EE30B42}.Release|Any CPU.ActiveCfg = Release|Any CPU
		{35822DAB-E3E1-4CDF-9E88-83275EE30B42}.Release|Any CPU.Build.0 = Release|Any CPU
		{57D4DECB-5D3D-46F3-87ED-673F170B8BAB}.Debug|Any CPU.ActiveCfg = Debug|Any CPU
		{57D4DECB-5D3D-46F3-87ED-673F170B8BAB}.Debug|Any CPU.Build.0 = Debug|Any CPU
		{57D4DECB-5D3D-46F3-87ED-673F170B8BAB}.Release|Any CPU.ActiveCfg = Release|Any CPU
		{57D4DECB-5D3D-46F3-87ED-673F170B8BAB}.Release|Any CPU.Build.0 = Release|Any CPU
		{624CA17E-E3A3-49BD-B71A-1616B2C7C5E2}.Debug|Any CPU.ActiveCfg = Debug|Any CPU
		{624CA17E-E3A3-49BD-B71A-1616B2C7C5E2}.Debug|Any CPU.Build.0 = Debug|Any CPU
		{624CA17E-E3A3-49BD-B71A-1616B2C7C5E2}.Release|Any CPU.ActiveCfg = Release|Any CPU
		{624CA17E-E3A3-49BD-B71A-1616B2C7C5E2}.Release|Any CPU.Build.0 = Release|Any CPU
		{52BF2B91-A396-4880-AC3F-047EBF4E5B2A}.Debug|Any CPU.ActiveCfg = Debug|Any CPU
		{52BF2B91-A396-4880-AC3F-047EBF4E5B2A}.Debug|Any CPU.Build.0 = Debug|Any CPU
		{52BF2B91-A396-4880-AC3F-047EBF4E5B2A}.Release|Any CPU.ActiveCfg = Release|Any CPU
		{52BF2B91-A396-4880-AC3F-047EBF4E5B2A}.Release|Any CPU.Build.0 = Release|Any CPU
	EndGlobalSection
	GlobalSection(SolutionProperties) = preSolution
		HideSolutionNode = FALSE
	EndGlobalSection
	GlobalSection(ExtensibilityGlobals) = postSolution
		SolutionGuid = {6606DAF0-17FA-4370-90A3-B1C9967C88AE}
	EndGlobalSection
EndGlobal
